filippo.io/edwards25519 v1.1.0 h1:FNf4tywRC1HmFuKW5xopWpigGjJKiJSV0Cqo0cJWDaA=
filippo.io/edwards25519 v1.1.0/go.mod h1:BxyFTGdWcka3PhytdK4V28tE5sGfRvvvRV7EaN4VDT4=
filippo.io/mkcert v1.4.4 h1:8eVbbwfVlaqUM7OwuftKc2nuYOoTDQWqsoXmzoXZdbc=
filippo.io/mkcert v1.4.4/go.mod h1:VyvOchVuAye3BoUsPUOOofKygVwLV2KQMVFJNRq+1dA=
fyne.io/systray v1.11.1-0.20250812065214-4856ac3adc3c h1:km4PIleGtbbF1oxmFQuO93CyNCldwuRTPB8WlzNWNZs=
fyne.io/systray v1.11.1-0.20250812065214-4856ac3adc3c/go.mod h1:RVwqP9nYMo7h5zViCBHri2FgjXF7H2cub7MAq4NSoLs=
github.com/Kodeworks/golang-image-ico v0.0.0-20141118225523-73f0f4cfade9 h1:1ltqoej5GtaWF8jaiA49HwsZD459jqm9YFz9ZtMFpQA=
github.com/Kodeworks/golang-image-ico v0.0.0-20141118225523-73f0f4cfade9/go.mod h1:7uhhqiBaR4CpN0k9rMjOtjpcfGd6DG2m04zQxKnWQ0I=
github.com/akutz/memconn v0.1.0 h1:NawI0TORU4hcOMsMr11g7vwlCdkYeLKXBcxWu2W/P8A=
github.com/akutz/memconn v0.1.0/go.mod h1:Jo8rI7m0NieZyLI5e2CDlRdRqRRB4S7Xp77ukDjH+Fw=
github.com/alexbrainman/sspi v0.0.0-20231016080023-1a75b4708caa h1:LHTHcTQiSGT7VVbI0o4wBRNQIgn917usHWOd6VAffYI=
github.com/alexbrainman/sspi v0.0.0-20231016080023-1a75b4708caa/go.mod h1:cEWa1LVoE5KvSD9ONXsZrj0z6KqySlCCNKHlLzbqAt4=
github.com/atotto/clipboard v0.1.4 h1:EH0zSVneZPSuFR11BlR9YppQTVDbh5+16AmcJi4g1z4=
github.com/atotto/clipboard v0.1.4/go.mod h1:ZY9tmq7sm5xIbd9bOK4onWV4S6X0u6GY7Vn0Yu86PYI=
github.com/cilium/ebpf v0.15.0 h1:7NxJhNiBT3NG8pZJ3c+yfrVdHY8ScgKD27sScgjLMMk=
github.com/cilium/ebpf v0.15.0/go.mod h1:DHp1WyrLeiBh19Cf/tfiSMhqheEiK8fXFZ4No0P1Hso=
github.com/coder/websocket v1.8.12 h1:5bUXkEPPIbewrnkU8LTCLVaxi4N4J8ahufH2vlo4NAo=
github.com/coder/websocket v1.8.12/go.mod h1:LNVeNrXQZfe5qhS9ALED3uA+l5pPqvwXg3CKoDBB2gs=
github.com/creachadair/taskgroup v0.13.2 h1:3KyqakBuFsm3KkXi/9XIb0QcA8tEzLHLgaoidf0MdVc=
github.com/creachadair/taskgroup v0.13.2/go.mod h1:i3V1Zx7H8RjwljUEeUWYT30Lmb9poewSb2XI1yTwD0g=
github.com/dblohm7/wingoes v0.0.0-20240119213807-a09d6be7affa h1:h8TfIT1xc8FWbwwpmHn1J5i43Y0uZP97GqasGCzSRJk=
github.com/dblohm7/wingoes v0.0.0-20240119213807-a09d6be7affa/go.mod h1:Nx87SkVqTKd8UtT+xu7sM/l+LgXs6c0aHrlKusR+2EQ=
github.com/fogleman/gg v1.3.0 h1:/7zJX8F6AaYQc57WQCyN9cAIz+4bCJGO9B+dyW29am8=
github.com/fogleman/gg v1.3.0/go.mod h1:R/bRT+9gY/C5z7JzPU0zXsXHKM4/ayA+zqcVNZzPa1k=
github.com/frankban/quicktest v1.14.6 h1:7Xjx+VpznH+oBnejlPUj8oUpdxnVs4f8XU8WnHkI4W8=
github.com/frankban/quicktest v1.14.6/go.mod h1:4ptaffx2x8+WTWXmUCuVU6aPUX1/Mz7zb5vbUoiM6w0=
github.com/fxamacker/cbor/v2 v2.7.0 h1:iM5WgngdRBanHcxugY4JySA0nk1wZorNOpTgCMedv5E=
github.com/fxamacker/cbor/v2 v2.7.0/go.mod h1:pxXPTn3joSm21Gbwsv0w9OSA2y1HFR9qXEeXQVeNoDQ=
github.com/gaissmai/bart v0.18.0 h1:jQLBT/RduJu0pv/tLwXE+xKPgtWJejbxuXAR+wLJafo=
github.com/gaissmai/bart v0.18.0/go.mod h1:JJzMAhNF5Rjo4SF4jWBrANuJfqY+FvsFhW7t1UZJ+XY=
github.com/go-json-experiment/json v0.0.0-20250813024750-ebf49471dced h1:Q311OHjMh/u5E2TITc++WlTP5We0xNseRMkHDyvhW7I=
github.com/go-json-experiment/json v0.0.0-20250813024750-ebf49471dced/go.mod h1:TiCD2a1pcmjd7YnhGH0f/zKNcCD06B029pHhzV23c2M=
github.com/godbus/dbus/v5 v5.1.1-0.20230522191255-76236955d466 h1:sQspH8M4niEijh3PFscJRLDnkL547IeP7kpPe3uUhEg=
github.com/godbus/dbus/v5 v5.1.1-0.20230522191255-76236955d466/go.mod h1:ZiQxhyQ+bbbfxUKVvjfO498oPYvtYhZzycal3G/NHmU=
github.com/golang/freetype v0.0.0-20170609003504-e2365dfdc4a0 h1:DACJavvAHhabrF08vX0COfcOBJRhZ8lUbR+ZWIs0Y5g=
github.com/golang/freetype v0.0.0-20170609003504-e2365dfdc4a0/go.mod h1:E/TSTwGwJL78qG/PmXZO1EjYhfJinVAhrmmHX6Z8B9k=
github.com/golang/groupcache v0.0.0-20210331224755-41bb18bfe9da h1:oI5xCqsCo564l8iNU+DwB5epxmsaqB+rhGL0m5jtYqE=
github.com/golang/groupcache v0.0.0-20210331224755-41bb18bfe9da/go.mod h1:cIg4eruTrX1D+g88fzRXU5OdNfaM+9IcxsU14FzY7Hc=
github.com/google/go-cmp v0.5.9/go.mod h1:17dUlkBOakJ0+DkrSSNjCkIjxS6bF9zb3elmeNGIjoY=
github.com/google/go-cmp v0.7.0 h1:wk8382ETsv4JYUZwIsn6YpYiWiBsYLSJiTsyBybVuN8=
github.com/google/go-cmp v0.7.0/go.mod h1:pXiqmnSA92OHEEa9HXL2W4E7lf9JzCmGVUdgjX3N/iU=
github.com/google/uuid v1.6.0 h1:NIvaJDMOsjHA8n1jAhLSgzrAzy1Hgr+hNrb57e+94F0=
github.com/google/uuid v1.6.0/go.mod h1:TIyPZe4MgqvfeYDBFedMoGGpEw/LqOeaOT+nhxU+yHo=
github.com/hdevalence/ed25519consensus v0.2.0 h1:37ICyZqdyj0lAZ8P4D1d1id3HqbbG1N3iBb1Tb4rdcU=
github.com/hdevalence/ed25519consensus v0.2.0/go.mod h1:w3BHWjwJbFU29IRHL1Iqkw3sus+7FctEyM4RqDxYNzo=
github.com/jsimonetti/rtnetlink v1.4.0 h1:Z1BF0fRgcETPEa0Kt0MRk3yV5+kF1FWTni6KUFKrq2I=
github.com/jsimonetti/rtnetlink v1.4.0/go.mod h1:5W1jDvWdnthFJ7fxYX1GMK07BUpI4oskfOqvPteYS6E=
github.com/kballard/go-shellquote v0.0.0-20180428030007-95032a82bc51 h1:Z9n2FFNUXsshfwJMBgNA0RU6/i7WVaAegv3PtuIHPMs=
github.com/kballard/go-shellquote v0.0.0-20180428030007-95032a82bc51/go.mod h1:CzGEWj7cYgsdH8dAjBGEr58BoE7ScuLd+fwFZ44+/x8=
github.com/kr/pretty v0.3.1 h1:flRD4NNwYAUpkphVc1HcthR4KEIFJ65n8Mw5qdRn3LE=
github.com/kr/pretty v0.3.1/go.mod h1:hoEshYVHaxMs3cyo3Yncou5ZscifuDolrwPKZanG3xk=
github.com/kr/text v0.2.0 h1:5Nx0Ya0ZqY2ygV366QzturHI13Jq95ApcVaJBhpS+AY=
github.com/kr/text v0.2.0/go.mod h1:eLer722TekiGuMkidMxC/pM04lWEeraHUUmBw8l2grE=
github.com/mattn/go-colorable v0.1.13 h1:fFA4WZxdEF4tXPZVKMLwD8oUnCTTo08duU7wxecdEvA=
github.com/mattn/go-colorable v0.1.13/go.mod h1:7S9/ev0klgBDR4GtXTXX8a3vIGJpMovkB8vQcUbaXHg=
github.com/mattn/go-isatty v0.0.16/go.mod h1:kYGgaQfpe5nmfYZH+SKPsOc2e4SrIfOl2e/yFXSvRLM=
github.com/mattn/go-isatty v0.0.20 h1:xfD0iDuEKnDkl03q4limB+vH+GxLEtL/jb4xVJSWWEY=
github.com/mattn/go-isatty v0.0.20/go.mod h1:W+V8PltTTMOvKvAeJH7IuucS94S2C6jfK/D7dTCTo3Y=
github.com/mdlayher/netlink v1.7.3-0.20250113171957-fbb4dce95f42 h1:A1Cq6Ysb0GM0tpKMbdCXCIfBclan4oHk1Jb+Hrejirg=
github.com/mdlayher/netlink v1.7.3-0.20250113171957-fbb4dce95f42/go.mod h1:BB4YCPDOzfy7FniQ/lxuYQ3dgmM2cZumHbK8RpTjN2o=
github.com/mdlayher/socket v0.5.0 h1:ilICZmJcQz70vrWVes1MFera4jGiWNocSkykwwoy3XI=
github.com/mdlayher/socket v0.5.0/go.mod h1:WkcBFfvyG8QENs5+hfQPl1X6Jpd2yeLIYgrGFmJiJxI=
github.com/mitchellh/go-ps v1.0.0 h1:i6ampVEEF4wQFF+bkYfwYgY+F/uYJDktmvLPf7qIgjc=
github.com/mitchellh/go-ps v1.0.0/go.mod h1:J4lOc8z8yJs6vUwklHw2XEIiT4z4C40KtWVN3nvg8Pg=
github.com/peterbourgon/ff/v3 v3.4.0 h1:QBvM/rizZM1cB0p0lGMdmR7HxZeI/ZrBWB4DqLkMUBc=
github.com/peterbourgon/ff/v3 v3.4.0/go.mod h1:zjJVUhx+twciwfDl0zBcFzl4dW8axCRyXE/eKY9RztQ=
github.com/rogpeppe/go-internal v1.13.1 h1:KvO1DLK/DRN07sQ1LQKScxyZJuNnedQ5/wKSR38lUII=
github.com/rogpeppe/go-internal v1.13.1/go.mod h1:uMEvuHeurkdAXX61udpOXGD/AzZDWNMNyH2VO9fmH0o=
github.com/skip2/go-qrcode v0.0.0-20200617195104-da1b6568686e h1:MRM5ITcdelLK2j1vwZ3Je0FKVCfqOLp5zO6trqMLYs0=
github.com/skip2/go-qrcode v0.0.0-20200617195104-da1b6568686e/go.mod h1:XV66xRDqSt+GTGFMVlhk3ULuV0y9ZmzeVGR4mloJI3M=
github.com/tailscale/go-winio v0.0.0-20231025203758-c4f33415bf55 h1:Gzfnfk2TWrk8Jj4P4c1a3CtQyMaTVCznlkLZI++hok4=
github.com/tailscale/go-winio v0.0.0-20231025203758-c4f33415bf55/go.mod h1:4k4QO+dQ3R5FofL+SanAUZe+/QfeK0+OIuwDIRu2vSg=
github.com/tailscale/goupnp v1.0.1-0.20210804011211-c64d0f06ea05 h1:4chzWmimtJPxRs2O36yuGRW3f9SYV+bMTTvMBI0EKio=
github.com/tailscale/goupnp v1.0.1-0.20210804011211-c64d0f06ea05/go.mod h1:PdCqy9JzfWMJf1H5UJW2ip33/d4YkoKN0r67yKH1mG8=
github.com/tailscale/hujson v0.0.0-20221223112325-20486734a56a h1:SJy1Pu0eH1C29XwJucQo73FrleVK6t4kYz4NVhp34Yw=
github.com/tailscale/hujson v0.0.0-20221223112325-20486734a56a/go.mod h1:DFSS3NAGHthKo1gTlmEcSBiZrRJXi28rLNd/1udP1c8=
github.com/tailscale/web-client-prebuilt v0.0.0-20250124233751-d4cd19a26976 h1:UBPHPtv8+nEAy2PD8RyAhOYvau1ek0HDJqLS/Pysi14=
github.com/tailscale/web-client-prebuilt v0.0.0-20250124233751-d4cd19a26976/go.mod h1:agQPE6y6ldqCOui2gkIh7ZMztTkIQKH049tv8siLuNQ=
github.com/tailscale/wireguard-go v0.0.0-20250716170648-1d0488a3d7da h1:jVRUZPRs9sqyKlYHHzHjAqKN+6e/Vog6NpHYeNPJqOw=
github.com/tailscale/wireguard-go v0.0.0-20250716170648-1d0488a3d7da/go.mod h1:BOm5fXUBFM+m9woLNBoxI9TaBXXhGNP50LX/TGIvGb4=
github.com/toqueteos/webbrowser v1.2.0 h1:tVP/gpK69Fx+qMJKsLE7TD8LuGWPnEV71wBN9rrstGQ=
github.com/toqueteos/webbrowser v1.2.0/go.mod h1:XWoZq4cyp9WeUeak7w7LXRUQf1F1ATJMir8RTqb4ayM=
github.com/x448/float16 v0.8.4 h1:qLwI1I70+NjRFUR3zs1JPUCgaCXSh3SW62uAKT1mSBM=
github.com/x448/float16 v0.8.4/go.mod h1:14CWIYCyZA/cWjXOioeEpHeN/83MdbZDRQHoFcYsOfg=
go4.org/mem v0.0.0-20240501181205-ae6ca9944745 h1:Tl++JLUCe4sxGu8cTpDzRLd3tN7US4hOxG5YpKCzkek=
go4.org/mem v0.0.0-20240501181205-ae6ca9944745/go.mod h1:reUoABIJ9ikfM5sgtSF3Wushcza7+WeD01VB9Lirh3g=
go4.org/netipx v0.0.0-20231129151722-fdeea329fbba h1:0b9z3AuHCjxk0x/opv64kcgZLBseWJUpBw5I82+2U4M=
go4.org/netipx v0.0.0-20231129151722-fdeea329fbba/go.mod h1:PLyyIXexvUFg3Owu6p/WfdlivPbZJsZdgWZlrGope/Y=
golang.org/x/crypto v0.44.0 h1:A97SsFvM3AIwEEmTBiaxPPTYpDC47w720rdiiUvgoAU=
golang.org/x/crypto v0.44.0/go.mod h1:013i+Nw79BMiQiMsOPcVCB5ZIJbYkerPrGnOa00tvmc=
golang.org/x/exp v0.0.0-20250210185358-939b2ce775ac h1:l5+whBCLH3iH2ZNHYLbAe58bo7yrN4mVcnkHDYz5vvs=
golang.org/x/exp v0.0.0-20250210185358-939b2ce775ac/go.mod h1:hH+7mtFmImwwcMvScyxUhjuVHR3HGaDPMn9rMSUUbxo=
golang.org/x/image v0.27.0 h1:C8gA4oWU/tKkdCfYT6T2u4faJu3MeNS5O8UPWlPF61w=
golang.org/x/image v0.27.0/go.mod h1:xbdrClrAUway1MUTEZDq9mz/UpRwYAkFFNUslZtcB+g=
golang.org/x/mod v0.29.0 h1:HV8lRxZC4l2cr3Zq1LvtOsi/ThTgWnUk/y64QSs8GwA=
golang.org/x/mod v0.29.0/go.mod h1:NyhrlYXJ2H4eJiRy/WDBO6HMqZQ6q9nk4JzS3NuCK+w=
golang.org/x/net v0.47.0 h1:Mx+4dIFzqraBXUugkia1OOvlD6LemFo1ALMHjrXDOhY=
golang.org/x/net v0.47.0/go.mod h1:/jNxtkgq5yWUGYkaZGqo27cfGZ1c5Nen03aYrrKpVRU=
golang.org/x/oauth2 v0.30.0 h1:dnDm7JmhM45NNpd8FDDeLhK6FwqbOf4MLCM9zb1BOHI=
golang.org/x/oauth2 v0.30.0/go.mod h1:B++QgG3ZKulg6sRPGD/mqlHQs5rB3Ml9erfeDY7xKlU=
golang.org/x/sync v0.0.0-20210220032951-036812b2e83c/go.mod h1:RxMgew5VJxzue5/jJTE5uejpjVlOe/izrB70Jof72aM=
golang.org/x/sync v0.18.0 h1:kr88TuHDroi+UVf+0hZnirlk8o8T+4MrK6mr60WkH/I=
golang.org/x/sync v0.18.0/go.mod h1:9KTHXmSnoGruLpwFjVSX0lNNA75CykiMECbovNTZqGI=
golang.org/x/sys v0.0.0-20220811171246-fbc7d0a398ab/go.mod h1:oPkhp1MJrh7nUepCBck5+mAzfO9JrbApNNgaTdGDITg=
golang.org/x/sys v0.0.0-20220817070843-5a390386f1f2/go.mod h1:oPkhp1MJrh7nUepCBck5+mAzfO9JrbApNNgaTdGDITg=
golang.org/x/sys v0.6.0/go.mod h1:oPkhp1MJrh7nUepCBck5+mAzfO9JrbApNNgaTdGDITg=
golang.org/x/sys v0.38.0 h1:3yZWxaJjBmCWXqhN1qh02AkOnCQ1poK6oF+a7xWL6Gc=
golang.org/x/sys v0.38.0/go.mod h1:OgkHotnGiDImocRcuBABYBEXf8A9a87e/uXjp9XT3ks=
golang.org/x/text v0.31.0 h1:aC8ghyu4JhP8VojJ2lEHBnochRno1sgL6nEi9WGFGMM=
golang.org/x/text v0.31.0/go.mod h1:tKRAlv61yKIjGGHX/4tP1LTbc13YSec1pxVEWXzfoeM=
golang.org/x/time v0.11.0 h1:/bpjEDfN9tkoN/ryeYHnv5hcMlc8ncjMcM4XBk5NWV0=
golang.org/x/time v0.11.0/go.mod h1:CDIdPxbZBQxdj6cxyCIdrNogrJKMJ7pr37NYpMcMDSg=
golang.zx2c4.com/wintun v0.0.0-20230126152724-0fa3db229ce2 h1:B82qJJgjvYKsXS9jeunTOisW56dUokqW/FOteYJJ/yg=
golang.zx2c4.com/wintun v0.0.0-20230126152724-0fa3db229ce2/go.mod h1:deeaetjYA+DHMHg+sMSMI58GrEteJUUzzw7en6TJQcI=
golang.zx2c4.com/wireguard/windows v0.5.3 h1:On6j2Rpn3OEMXqBq00QEDC7bWSZrPIHKIus8eIuExIE=
golang.zx2c4.com/wireguard/windows v0.5.3/go.mod h1:9TEe8TJmtwyQebdFwAkEWOPr3prrtqm+REGFifP60hI=
gopkg.in/check.v1 v0.0.0-20161208181325-20d25e280405 h1:yhCVgyC4o1eVCa2tZl7eS0r+SDo693bJlVdllGtEeKM=
gopkg.in/check.v1 v0.0.0-20161208181325-20d25e280405/go.mod h1:Co6ibVJAznAaIkqp8huTwlJQCZ016jof/cbN4VW5Yz0=
howett.net/plist v1.0.0 h1:7CrbWYbPPO/PyNy38b2EB/+gYbjCe2DXBxgtOOZbSQM=
howett.net/plist v1.0.0/go.mod h1:lqaXoTrLY4hg8tnEzNru53gicrbv7rrk+2xJA/7hw9g=
k8s.io/client-go v0.32.0 h1:DimtMcnN/JIKZcrSrstiwvvZvLjG0aSxy8PxN8IChp8=
k8s.io/client-go v0.32.0/go.mod h1:boDWvdM1Drk4NJj/VddSLnx59X3OPgwrOo0vGbtq9+8=
sigs.k8s.io/yaml v1.4.0 h1:Mk1wCc2gy/F0THH0TAp1QYyJNzRm2KCLy3o5ASXVI5E=
sigs.k8s.io/yaml v1.4.0/go.mod h1:Ejl7/uTz7PSA4eKMyQCUTnhZYNmLIl+5c2lQPGR2BPY=
software.sslmate.com/src/go-pkcs12 v0.4.0 h1:H2g08FrTvSFKUj+D309j1DPfk5APnIdAQAB8aEykJ5k=
software.sslmate.com/src/go-pkcs12 v0.4.0/go.mod h1:Qiz0EyvDRJjjxGyUQa2cCNZn/wMyzrRJ/qcDXOQazLI=
tailscale.com v1.90.9 h1:foPasfgXCey5TGEFNeJbm2YeoyCYcrsg0TEHFrPhckA=
tailscale.com v1.90.9/go.mod h1:+9EX6pOGCNa6pxCVRhhlJLy/qnkDzOplFYpeZyYlCT0=
