filippo.io/edwards25519 v1.2.0 h1:crnVqOiS4jqYleHd9vaKZ+HKtHfllngJIiOpNpoJsjo=
filippo.io/edwards25519 v1.2.0/go.mod h1:xzAOLCNug/yB62zG1bQ8uziwrIqIuxhctzJT18Q77mc=
filippo.io/mkcert v1.4.4 h1:8eVbbwfVlaqUM7OwuftKc2nuYOoTDQWqsoXmzoXZdbc=
filippo.io/mkcert v1.4.4/go.mod h1:VyvOchVuAye3BoUsPUOOofKygVwLV2KQMVFJNRq+1dA=
fyne.io/systray v1.12.0 h1:CA1Kk0e2zwFlxtc02L3QFSiIbxJ/P0n582YrZHT7aTM=
fyne.io/systray v1.12.0/go.mod h1:RVwqP9nYMo7h5zViCBHri2FgjXF7H2cub7MAq4NSoLs=
github.com/Kodeworks/golang-image-ico v0.0.0-20141118225523-73f0f4cfade9 h1:1ltqoej5GtaWF8jaiA49HwsZD459jqm9YFz9ZtMFpQA=
github.com/Kodeworks/golang-image-ico v0.0.0-20141118225523-73f0f4cfade9/go.mod h1:7uhhqiBaR4CpN0k9rMjOtjpcfGd6DG2m04zQxKnWQ0I=
github.com/akutz/memconn v0.1.0 h1:NawI0TORU4hcOMsMr11g7vwlCdkYeLKXBcxWu2W/P8A=
github.com/akutz/memconn v0.1.0/go.mod h1:Jo8rI7m0NieZyLI5e2CDlRdRqRRB4S7Xp77ukDjH+Fw=
github.com/alexbrainman/sspi v0.0.0-20250919150558-7d374ff0d59e h1:4dAU9FXIyQktpoUAgOJK3OTFc/xug0PCXYCqU0FgDKI=
github.com/alexbrainman/sspi v0.0.0-20250919150558-7d374ff0d59e/go.mod h1:cEWa1LVoE5KvSD9ONXsZrj0z6KqySlCCNKHlLzbqAt4=
github.com/atotto/clipboard v0.1.4 h1:EH0zSVneZPSuFR11BlR9YppQTVDbh5+16AmcJi4g1z4=
github.com/atotto/clipboard v0.1.4/go.mod h1:ZY9tmq7sm5xIbd9bOK4onWV4S6X0u6GY7Vn0Yu86PYI=
github.com/aws/aws-sdk-go-v2 v1.41.6 h1:1AX0AthnBQzMx1vbmir3Y4WsnJgiydmnJjiLu+LvXOg=
github.com/aws/aws-sdk-go-v2 v1.41.6/go.mod h1:dy0UzBIfwSeot4grGvY1AqFWN5zgziMmWGzysDnHFcQ=
github.com/aws/aws-sdk-go-v2/config v1.32.16 h1:Q0iQ7quUgJP0F/SCRTieScnaMdXr9h/2+wze1u3cNeM=
github.com/aws/aws-sdk-go-v2/config v1.32.16/go.mod h1:duCCnJEFqpt2RC6no1iK6q+8HpwOAkiUua0pY507dQc=
github.com/aws/aws-sdk-go-v2/credentials v1.19.15 h1:fyvgWTszojq8hEnMi8PPBTvZdTtEVmAVyo+NFLHBhH4=
github.com/aws/aws-sdk-go-v2/credentials v1.19.15/go.mod h1:gJiYyMOjNg8OEdRWOf3CrFQxM2a98qmrtjx1zuiQfB8=
github.com/aws/aws-sdk-go-v2/feature/ec2/imds v1.18.22 h1:IOGsJ1xVWhsi+ZO7/NW8OuZZBtMJLZbk4P5HDjJO0jQ=
github.com/aws/aws-sdk-go-v2/feature/ec2/imds v1.18.22/go.mod h1:b+hYdbU+jGKfXE8kKM6g1+h+L/Go3vMvzlxBsiuGsxg=
github.com/aws/aws-sdk-go-v2/internal/configsources v1.4.22 h1:GmLa5Kw1ESqtFpXsx5MmC84QWa/ZrLZvlJGa2y+4kcQ=
github.com/aws/aws-sdk-go-v2/internal/configsources v1.4.22/go.mod h1:6sW9iWm9DK9YRpRGga/qzrzNLgKpT2cIxb7Vo2eNOp0=
github.com/aws/aws-sdk-go-v2/internal/endpoints/v2 v2.7.22 h1:dY4kWZiSaXIzxnKlj17nHnBcXXBfac6UlsAx2qL6XrU=
github.com/aws/aws-sdk-go-v2/internal/endpoints/v2 v2.7.22/go.mod h1:KIpEUx0JuRZLO7U6cbV204cWAEco2iC3l061IxlwLtI=
github.com/aws/aws-sdk-go-v2/internal/v4a v1.4.23 h1:FPXsW9+gMuIeKmz7j6ENWcWtBGTe1kH8r9thNt5Uxx4=
github.com/aws/aws-sdk-go-v2/internal/v4a v1.4.23/go.mod h1:7J8iGMdRKk6lw2C+cMIphgAnT8uTwBwNOsGkyOCm80U=
github.com/aws/aws-sdk-go-v2/service/internal/accept-encoding v1.13.8 h1:HtOTYcbVcGABLOVuPYaIihj6IlkqubBwFj10K5fxRek=
github.com/aws/aws-sdk-go-v2/service/internal/accept-encoding v1.13.8/go.mod h1:VsK9abqQeGlzPgUr+isNWzPlK2vKe9INMLWnY65f5Xs=
github.com/aws/aws-sdk-go-v2/service/internal/presigned-url v1.13.22 h1:PUmZeJU6Y1Lbvt9WFuJ0ugUK2xn6hIWUBBbKuOWF30s=
github.com/aws/aws-sdk-go-v2/service/internal/presigned-url v1.13.22/go.mod h1:nO6egFBoAaoXze24a2C0NjQCvdpk8OueRoYimvEB9jo=
github.com/aws/aws-sdk-go-v2/service/signin v1.0.10 h1:a1Fq/KXn75wSzoJaPQTgZO0wHGqE9mjFnylnqEPTchA=
github.com/aws/aws-sdk-go-v2/service/signin v1.0.10/go.mod h1:p6+MXNxW7IA6dMgHfTAzljuwSKD0NCm/4lbS4t6+7vI=
github.com/aws/aws-sdk-go-v2/service/ssm v1.68.5 h1:TY5Vh7uXQgJVuc6ahI6toLcRajG1aYSDCP3a0xsPvmo=
github.com/aws/aws-sdk-go-v2/service/ssm v1.68.5/go.mod h1:UkzShnbxHRIIL2cHi/7fBGLUAZIVTEADQjaA53bWWCE=
github.com/aws/aws-sdk-go-v2/service/sso v1.30.16 h1:x6bKbmDhsgSZwv6q19wY/u3rLk/3FGjJWyqKcIRufpE=
github.com/aws/aws-sdk-go-v2/service/sso v1.30.16/go.mod h1:CudnEVKRtLn0+3uMV0yEXZ+YZOKnAtUJ5DmDhilVnIw=
github.com/aws/aws-sdk-go-v2/service/ssooidc v1.35.20 h1:oK/njaL8GtyEihkWMD4k3VgHCT64RQKkZwh0DG5j8ak=
github.com/aws/aws-sdk-go-v2/service/ssooidc v1.35.20/go.mod h1:JHs8/y1f3zY7U5WcuzoJ/yAYGYtNIVPKLIbp61euvmg=
github.com/aws/aws-sdk-go-v2/service/sts v1.42.0 h1:ks8KBcZPh3PYISr5dAiXCM5/Thcuxk8l+PG4+A0exds=
github.com/aws/aws-sdk-go-v2/service/sts v1.42.0/go.mod h1:pFw33T0WLvXU3rw1WBkpMlkgIn54eCB5FYLhjDc9Foo=
github.com/aws/smithy-go v1.25.1 h1:J8ERsGSU7d+aCmdQur5Txg6bVoYelvQJgtZehD12GkI=
github.com/aws/smithy-go v1.25.1/go.mod h1:YE2RhdIuDbA5E5bTdciG9KrW3+TiEONeUWCqxX9i1Fc=
github.com/axiomhq/hyperloglog v0.0.0-20240319100328-84253e514e02 h1:bXAPYSbdYbS5VTy92NIUbeDI1qyggi+JYh5op9IFlcQ=
github.com/axiomhq/hyperloglog v0.0.0-20240319100328-84253e514e02/go.mod h1:k08r+Yj1PRAmuayFiRK6MYuR5Ve4IuZtTfxErMIh0+c=
github.com/cilium/ebpf v0.16.0 h1:+BiEnHL6Z7lXnlGUsXQPPAE7+kenAd4ES8MQ5min0Ok=
github.com/cilium/ebpf v0.16.0/go.mod h1:L7u2Blt2jMM/vLAVgjxluxtBKlz3/GWjB0dMOEngfwE=
github.com/coder/websocket v1.8.14 h1:9L0p0iKiNOibykf283eHkKUHHrpG7f65OE3BhhO7v9g=
github.com/coder/websocket v1.8.14/go.mod h1:NX3SzP+inril6yawo5CQXx8+fk145lPDC6pumgx0mVg=
github.com/creachadair/taskgroup v0.13.2 h1:3KyqakBuFsm3KkXi/9XIb0QcA8tEzLHLgaoidf0MdVc=
github.com/creachadair/taskgroup v0.13.2/go.mod h1:i3V1Zx7H8RjwljUEeUWYT30Lmb9poewSb2XI1yTwD0g=
github.com/dblohm7/wingoes v0.0.0-20250822163801-6d8e6105c62d h1:QRKpU+9ZBDs62LyBfwhZkJdB5DJX2Sm3p4kUh7l1aA0=
github.com/dblohm7/wingoes v0.0.0-20250822163801-6d8e6105c62d/go.mod h1:SUxUaAK/0UG5lYyZR1L1nC4AaYYvSSYTWQSH3FPcxKU=
github.com/dgryski/go-metro v0.0.0-20180109044635-280f6062b5bc h1:8WFBn63wegobsYAX0YjD+8suexZDga5CctH4CCTx2+8=
github.com/dgryski/go-metro v0.0.0-20180109044635-280f6062b5bc/go.mod h1:c9O8+fpSOX1DM8cPNSkX/qsBWdkD4yd2dpciOWQjpBw=
github.com/fogleman/gg v1.3.0 h1:/7zJX8F6AaYQc57WQCyN9cAIz+4bCJGO9B+dyW29am8=
github.com/fogleman/gg v1.3.0/go.mod h1:R/bRT+9gY/C5z7JzPU0zXsXHKM4/ayA+zqcVNZzPa1k=
github.com/frankban/quicktest v1.14.6 h1:7Xjx+VpznH+oBnejlPUj8oUpdxnVs4f8XU8WnHkI4W8=
github.com/frankban/quicktest v1.14.6/go.mod h1:4ptaffx2x8+WTWXmUCuVU6aPUX1/Mz7zb5vbUoiM6w0=
github.com/fxamacker/cbor/v2 v2.9.1 h1:2rWm8B193Ll4VdjsJY28jxs70IdDsHRWgQYAI80+rMQ=
github.com/fxamacker/cbor/v2 v2.9.1/go.mod h1:vM4b+DJCtHn+zz7h3FFp/hDAI9WNWCsZj23V5ytsSxQ=
github.com/gaissmai/bart v0.26.1 h1:+w4rnLGNlA2GDVn382Tfe3jOsK5vOr5n4KmigJ9lbTo=
github.com/gaissmai/bart v0.26.1/go.mod h1:GREWQfTLRWz/c5FTOsIw+KkscuFkIV5t8Rp7Nd1Td5c=
github.com/go-json-experiment/json v0.0.0-20260214004413-d219187c3433 h1:vymEbVwYFP/L05h5TKQxvkXoKxNvTpjxYKdF1Nlwuao=
github.com/go-json-experiment/json v0.0.0-20260214004413-d219187c3433/go.mod h1:tphK2c80bpPhMOI4v6bIc2xWywPfbqi1Z06+RcrMkDg=
github.com/godbus/dbus/v5 v5.2.2 h1:TUR3TgtSVDmjiXOgAAyaZbYmIeP3DPkld3jgKGV8mXQ=
github.com/godbus/dbus/v5 v5.2.2/go.mod h1:3AAv2+hPq5rdnr5txxxRwiGjPXamgoIHgz9FPBfOp3c=
github.com/golang/freetype v0.0.0-20170609003504-e2365dfdc4a0 h1:DACJavvAHhabrF08vX0COfcOBJRhZ8lUbR+ZWIs0Y5g=
github.com/golang/freetype v0.0.0-20170609003504-e2365dfdc4a0/go.mod h1:E/TSTwGwJL78qG/PmXZO1EjYhfJinVAhrmmHX6Z8B9k=
github.com/golang/groupcache v0.0.0-20241129210726-2c02b8208cf8 h1:f+oWsMOmNPc8JmEHVZIycC7hBoQxHH9pNKQORJNozsQ=
github.com/golang/groupcache v0.0.0-20241129210726-2c02b8208cf8/go.mod h1:wcDNUvekVysuuOpQKo3191zZyTpiI6se1N1ULghS0sw=
github.com/google/go-cmp v0.7.0 h1:wk8382ETsv4JYUZwIsn6YpYiWiBsYLSJiTsyBybVuN8=
github.com/google/go-cmp v0.7.0/go.mod h1:pXiqmnSA92OHEEa9HXL2W4E7lf9JzCmGVUdgjX3N/iU=
github.com/google/uuid v1.6.0 h1:NIvaJDMOsjHA8n1jAhLSgzrAzy1Hgr+hNrb57e+94F0=
github.com/google/uuid v1.6.0/go.mod h1:TIyPZe4MgqvfeYDBFedMoGGpEw/LqOeaOT+nhxU+yHo=
github.com/hdevalence/ed25519consensus v0.2.0 h1:37ICyZqdyj0lAZ8P4D1d1id3HqbbG1N3iBb1Tb4rdcU=
github.com/hdevalence/ed25519consensus v0.2.0/go.mod h1:w3BHWjwJbFU29IRHL1Iqkw3sus+7FctEyM4RqDxYNzo=
github.com/huin/goupnp v1.3.0 h1:UvLUlWDNpoUdYzb2TCn+MuTWtcjXKSza2n6CBdQ0xXc=
github.com/huin/goupnp v1.3.0/go.mod h1:gnGPsThkYa7bFi/KWmEysQRf48l2dvR5bxr2OFckNX8=
github.com/jsimonetti/rtnetlink v1.4.2 h1:Df9w9TZ3npHTyDn0Ev9e1uzmN2odmXd0QX+J5GTEn90=
github.com/jsimonetti/rtnetlink v1.4.2/go.mod h1:92s6LJdE+1iOrw+F2/RO7LYI2Qd8pPpFNNUYW06gcoM=
github.com/kballard/go-shellquote v0.0.0-20180428030007-95032a82bc51 h1:Z9n2FFNUXsshfwJMBgNA0RU6/i7WVaAegv3PtuIHPMs=
github.com/kballard/go-shellquote v0.0.0-20180428030007-95032a82bc51/go.mod h1:CzGEWj7cYgsdH8dAjBGEr58BoE7ScuLd+fwFZ44+/x8=
github.com/kr/pretty v0.3.1 h1:flRD4NNwYAUpkphVc1HcthR4KEIFJ65n8Mw5qdRn3LE=
github.com/kr/pretty v0.3.1/go.mod h1:hoEshYVHaxMs3cyo3Yncou5ZscifuDolrwPKZanG3xk=
github.com/kr/text v0.2.0 h1:5Nx0Ya0ZqY2ygV366QzturHI13Jq95ApcVaJBhpS+AY=
github.com/kr/text v0.2.0/go.mod h1:eLer722TekiGuMkidMxC/pM04lWEeraHUUmBw8l2grE=
github.com/mattn/go-colorable v0.1.14 h1:9A9LHSqF/7dyVVX6g0U9cwm9pG3kP9gSzcuIPHPsaIE=
github.com/mattn/go-colorable v0.1.14/go.mod h1:6LmQG8QLFO4G5z1gPvYEzlUgJ2wF+stgPZH1UqBm1s8=
github.com/mattn/go-isatty v0.0.21 h1:xYae+lCNBP7QuW4PUnNG61ffM4hVIfm+zUzDuSzYLGs=
github.com/mattn/go-isatty v0.0.21/go.mod h1:ZXfXG4SQHsB/w3ZeOYbR0PrPwLy+n6xiMrJlRFqopa4=
github.com/mdlayher/netlink v1.11.1 h1:T136gDS6Gkt+hLncaBwKdW5GpEC8Z0ykqimOebVoal0=
github.com/mdlayher/netlink v1.11.1/go.mod h1:ao4LjamyK4Uq9L8+fQzqFYpAncbeCdwbvd9Edv/pYnc=
github.com/mdlayher/socket v0.6.0 h1:ScZPaAGyO1icQnbFrhPM8mnXyMu9qukC1K4ZoM2IQKU=
github.com/mdlayher/socket v0.6.0/go.mod h1:q7vozUAnxSqnjHc12Fik5yUKIzfZ8ITCfMkhOtE9z18=
github.com/mitchellh/go-ps v1.0.0 h1:i6ampVEEF4wQFF+bkYfwYgY+F/uYJDktmvLPf7qIgjc=
github.com/mitchellh/go-ps v1.0.0/go.mod h1:J4lOc8z8yJs6vUwklHw2XEIiT4z4C40KtWVN3nvg8Pg=
github.com/peterbourgon/ff/v3 v3.4.0 h1:QBvM/rizZM1cB0p0lGMdmR7HxZeI/ZrBWB4DqLkMUBc=
github.com/peterbourgon/ff/v3 v3.4.0/go.mod h1:zjJVUhx+twciwfDl0zBcFzl4dW8axCRyXE/eKY9RztQ=
github.com/rogpeppe/go-internal v1.14.1 h1:UQB4HGPB6osV0SQTLymcB4TgvyWu6ZyliaW0tI/otEQ=
github.com/rogpeppe/go-internal v1.14.1/go.mod h1:MaRKkUm5W0goXpeCfT7UZI6fk/L7L7so1lCWt35ZSgc=
github.com/skip2/go-qrcode v0.0.0-20200617195104-da1b6568686e h1:MRM5ITcdelLK2j1vwZ3Je0FKVCfqOLp5zO6trqMLYs0=
github.com/skip2/go-qrcode v0.0.0-20200617195104-da1b6568686e/go.mod h1:XV66xRDqSt+GTGFMVlhk3ULuV0y9ZmzeVGR4mloJI3M=
github.com/tailscale/go-winio v0.0.0-20231025203758-c4f33415bf55 h1:Gzfnfk2TWrk8Jj4P4c1a3CtQyMaTVCznlkLZI++hok4=
github.com/tailscale/go-winio v0.0.0-20231025203758-c4f33415bf55/go.mod h1:4k4QO+dQ3R5FofL+SanAUZe+/QfeK0+OIuwDIRu2vSg=
github.com/tailscale/hujson v0.0.0-20260302212456-ecc657c15afd h1:Rf9uhF1+VJ7ZHqxrG8pJ6YacmHvVCmByDmGbAWCc/gA=
github.com/tailscale/hujson v0.0.0-20260302212456-ecc657c15afd/go.mod h1:EbW0wDK/qEUYI0A5bqq0C2kF8JTQwWONmGDBbzsxxHo=
github.com/tailscale/web-client-prebuilt v0.0.0-20251127225136-f19339b67368 h1:0tpDdAj9sSfSZg4gMwNTdqMP592sBrq2Sm0w6ipnh7k=
github.com/tailscale/web-client-prebuilt v0.0.0-20251127225136-f19339b67368/go.mod h1:agQPE6y6ldqCOui2gkIh7ZMztTkIQKH049tv8siLuNQ=
github.com/tailscale/wireguard-go v0.0.0-20260427181203-e3ac4a0afb4e h1:GexFR7ak1iz26fxg8HWCpOEqAOL8UEZJ7J3JxeCalDs=
github.com/tailscale/wireguard-go v0.0.0-20260427181203-e3ac4a0afb4e/go.mod h1:6SerzcvHWQchKO2BfNdmquA77CHSECZuFl+D9fp4RnI=
github.com/toqueteos/webbrowser v1.2.1 h1:O7IsnnU7XQyJ1nHMRfAktUUJOAZD3aQyUVnxzhWphCg=
github.com/toqueteos/webbrowser v1.2.1/go.mod h1:XWoZq4cyp9WeUeak7w7LXRUQf1F1ATJMir8RTqb4ayM=
github.com/x448/float16 v0.8.4 h1:qLwI1I70+NjRFUR3zs1JPUCgaCXSh3SW62uAKT1mSBM=
github.com/x448/float16 v0.8.4/go.mod h1:14CWIYCyZA/cWjXOioeEpHeN/83MdbZDRQHoFcYsOfg=
go.yaml.in/yaml/v2 v2.4.4 h1:tuyd0P+2Ont/d6e2rl3be67goVK4R6deVxCUX5vyPaQ=
go.yaml.in/yaml/v2 v2.4.4/go.mod h1:gMZqIpDtDqOfM0uNfy0SkpRhvUryYH0Z6wdMYcacYXQ=
go.yaml.in/yaml/v3 v3.0.4 h1:tfq32ie2Jv2UxXFdLJdh3jXuOzWiL1fo0bu/FbuKpbc=
go.yaml.in/yaml/v3 v3.0.4/go.mod h1:DhzuOOF2ATzADvBadXxruRBLzYTpT36CKvDb3+aBEFg=
go4.org/mem v0.0.0-20240501181205-ae6ca9944745 h1:Tl++JLUCe4sxGu8cTpDzRLd3tN7US4hOxG5YpKCzkek=
go4.org/mem v0.0.0-20240501181205-ae6ca9944745/go.mod h1:reUoABIJ9ikfM5sgtSF3Wushcza7+WeD01VB9Lirh3g=
go4.org/netipx v0.0.0-20231129151722-fdeea329fbba h1:0b9z3AuHCjxk0x/opv64kcgZLBseWJUpBw5I82+2U4M=
go4.org/netipx v0.0.0-20231129151722-fdeea329fbba/go.mod h1:PLyyIXexvUFg3Owu6p/WfdlivPbZJsZdgWZlrGope/Y=
golang.org/x/crypto v0.50.0 h1:zO47/JPrL6vsNkINmLoo/PH1gcxpls50DNogFvB5ZGI=
golang.org/x/crypto v0.50.0/go.mod h1:3muZ7vA7PBCE6xgPX7nkzzjiUq87kRItoJQM1Yo8S+Q=
golang.org/x/exp v0.0.0-20260410095643-746e56fc9e2f h1:W3F4c+6OLc6H2lb//N1q4WpJkhzJCK5J6kUi1NTVXfM=
golang.org/x/exp v0.0.0-20260410095643-746e56fc9e2f/go.mod h1:J1xhfL/vlindoeF/aINzNzt2Bket5bjo9sdOYzOsU80=
golang.org/x/image v0.39.0 h1:skVYidAEVKgn8lZ602XO75asgXBgLj9G/FE3RbuPFww=
golang.org/x/image v0.39.0/go.mod h1:sIbmppfU+xFLPIG0FoVUTvyBMmgng1/XAMhQ2ft0hpA=
golang.org/x/mod v0.35.0 h1:Ww1D637e6Pg+Zb2KrWfHQUnH2dQRLBQyAtpr/haaJeM=
golang.org/x/mod v0.35.0/go.mod h1:+GwiRhIInF8wPm+4AoT6L0FA1QWAad3OMdTRx4tFYlU=
golang.org/x/net v0.53.0 h1:d+qAbo5L0orcWAr0a9JweQpjXF19LMXJE8Ey7hwOdUA=
golang.org/x/net v0.53.0/go.mod h1:JvMuJH7rrdiCfbeHoo3fCQU24Lf5JJwT9W3sJFulfgs=
golang.org/x/oauth2 v0.36.0 h1:peZ/1z27fi9hUOFCAZaHyrpWG5lwe0RJEEEeH0ThlIs=
golang.org/x/oauth2 v0.36.0/go.mod h1:YDBUJMTkDnJS+A4BP4eZBjCqtokkg1hODuPjwiGPO7Q=
golang.org/x/sync v0.0.0-20210220032951-036812b2e83c/go.mod h1:RxMgew5VJxzue5/jJTE5uejpjVlOe/izrB70Jof72aM=
golang.org/x/sync v0.20.0 h1:e0PTpb7pjO8GAtTs2dQ6jYa5BWYlMuX047Dco/pItO4=
golang.org/x/sync v0.20.0/go.mod h1:9xrNwdLfx4jkKbNva9FpL6vEN7evnE43NNNJQ2LF3+0=
golang.org/x/sys v0.43.0 h1:Rlag2XtaFTxp19wS8MXlJwTvoh8ArU6ezoyFsMyCTNI=
golang.org/x/sys v0.43.0/go.mod h1:4GL1E5IUh+htKOUEOaiffhrAeqysfVGipDYzABqnCmw=
golang.org/x/text v0.36.0 h1:JfKh3XmcRPqZPKevfXVpI1wXPTqbkE5f7JA92a55Yxg=
golang.org/x/text v0.36.0/go.mod h1:NIdBknypM8iqVmPiuco0Dh6P5Jcdk8lJL0CUebqK164=
golang.org/x/time v0.15.0 h1:bbrp8t3bGUeFOx08pvsMYRTCVSMk89u4tKbNOZbp88U=
golang.org/x/time v0.15.0/go.mod h1:Y4YMaQmXwGQZoFaVFk4YpCt4FLQMYKZe9oeV/f4MSno=
golang.zx2c4.com/wintun v0.0.0-20230126152724-0fa3db229ce2 h1:B82qJJgjvYKsXS9jeunTOisW56dUokqW/FOteYJJ/yg=
golang.zx2c4.com/wintun v0.0.0-20230126152724-0fa3db229ce2/go.mod h1:deeaetjYA+DHMHg+sMSMI58GrEteJUUzzw7en6TJQcI=
golang.zx2c4.com/wireguard/windows v1.0.1 h1:eOxiDVbywPC+ZQqvdCK7x+ZwWXKbYv50TtH8ysFIbw8=
golang.zx2c4.com/wireguard/windows v1.0.1/go.mod h1:+fbT3FFdX4zzYDLwJh5+HPEcNN/3HyNdzhNSVsQM+zs=
howett.net/plist v1.0.0 h1:7CrbWYbPPO/PyNy38b2EB/+gYbjCe2DXBxgtOOZbSQM=
howett.net/plist v1.0.0/go.mod h1:lqaXoTrLY4hg8tnEzNru53gicrbv7rrk+2xJA/7hw9g=
k8s.io/client-go v0.36.0 h1:pOYi7C4RHChYjMiHpZSpSbIM6ZxVbRXBy7CuiIwqA3c=
k8s.io/client-go v0.36.0/go.mod h1:ZKKcpwF0aLYfkHFCjillCKaTK/yBkEDHTDXCFY6AS9Y=
sigs.k8s.io/yaml v1.6.0 h1:G8fkbMSAFqgEFgh4b1wmtzDnioxFCUgTZhlbj5P9QYs=
sigs.k8s.io/yaml v1.6.0/go.mod h1:796bPqUfzR/0jLAl6XjHl3Ck7MiyVv8dbTdyT3/pMf4=
software.sslmate.com/src/go-pkcs12 v0.7.1 h1:bxkUPRsvTPNRBZa4M/aSX4PyMOEbq3V8I6hbkG4F4Q8=
software.sslmate.com/src/go-pkcs12 v0.7.1/go.mod h1:Qiz0EyvDRJjjxGyUQa2cCNZn/wMyzrRJ/qcDXOQazLI=
tailscale.com v1.98.0 h1:b/cdYEdkp/slbMfC9mwnG2sxQpE0Q1KBU5twTpKbGIE=
tailscale.com v1.98.0/go.mod h1:6WwM2RnFW9gOQjdonp4c4QINm9odc1NlBQykKBncK/Q=
